
Microsoft Visual Studio Solution File, Format Version 12.00
# Visual Studio Version 16
VisualStudioVersion = 16.0.30517.126
MinimumVisualStudioVersion = 10.0.40219.1
Project("{FAE04EC0-301F-11D3-BF4B-00C04F79EFBC}") = "MaximumOccuringCharacter", "MaximumOccuringCharacter\MaximumOccuringCharacter.csproj", "{79F69816-17B1-4902-8B03-876248592F6D}"
EndProject
Project("{FAE04EC0-301F-11D3-BF4B-00C04F79EFBC}") = "Substring", "Substring\Substring.csproj", "{10C2C920-BA85-480E-BA95-640CEB6A7A60}"
EndProject
Project("{FAE04EC0-301F-11D3-BF4B-00C04F79EFBC}") = "ForEach", "ForEach\ForEach.csproj", "{66E0B6BE-AF33-40A2-8826-79B3E8F52159}"
EndProject
Project("{FAE04EC0-301F-11D3-BF4B-00C04F79EFBC}") = "CharacterCounter", "CharacterCounter\CharacterCounter.csproj", "{7F827145-568A-49DA-A477-ECD3028EDD60}"
EndProject
Project("{FAE04EC0-301F-11D3-BF4B-00C04F79EFBC}") = "SubstituteCharacter", "SubstituteCharacter\SubstituteCharacter.csproj", "{A3EEAF7A-5B95-4421-A461-BFF214E62F68}"
EndProject
Global
	GlobalSection(SolutionConfigurationPlatforms) = preSolution
		Debug|Any CPU = Debug|Any CPU
		Release|Any CPU = Release|Any CPU
	EndGlobalSection
	GlobalSection(ProjectConfigurationPlatforms) = postSolution
		{79F69816-17B1-4902-8B03-876248592F6D}.Debug|Any CPU.ActiveCfg = Debug|Any CPU
		{79F69816-17B1-4902-8B03-876248592F6D}.Debug|Any CPU.Build.0 = Debug|Any CPU
		{79F69816-17B1-4902-8B03-876248592F6D}.Release|Any CPU.ActiveCfg = Release|Any CPU
		{79F69816-17B1-4902-8B03-876248592F6D}.Release|Any CPU.Build.0 = Release|Any CPU
		{10C2C920-BA85-480E-BA95-640CEB6A7A60}.Debug|Any CPU.ActiveCfg = Debug|Any CPU
		{10C2C920-BA85-480E-BA95-640CEB6A7A60}.Debug|Any CPU.Build.0 = Debug|Any CPU
		{10C2C920-BA85-480E-BA95-640CEB6A7A60}.Release|Any CPU.ActiveCfg = Release|Any CPU
		{10C2C920-BA85-480E-BA95-640CEB6A7A60}.Release|Any CPU.Build.0 = Release|Any CPU
		{66E0B6BE-AF33-40A2-8826-79B3E8F52159}.Debug|Any CPU.ActiveCfg = Debug|Any CPU
		{66E0B6BE-AF33-40A2-8826-79B3E8F52159}.Debug|Any CPU.Build.0 = Debug|Any CPU
		{66E0B6BE-AF33-40A2-8826-79B3E8F52159}.Release|Any CPU.ActiveCfg = Release|Any CPU
		{66E0B6BE-AF33-40A2-8826-79B3E8F52159}.Release|Any CPU.Build.0 = Release|Any CPU
		{7F827145-568A-49DA-A477-ECD3028EDD60}.Debug|Any CPU.ActiveCfg = Debug|Any CPU
		{7F827145-568A-49DA-A477-ECD3028EDD60}.Debug|Any CPU.Build.0 = Debug|Any CPU
		{7F827145-568A-49DA-A477-ECD3028EDD60}.Release|Any CPU.ActiveCfg = Release|Any CPU
		{7F827145-568A-49DA-A477-ECD3028EDD60}.Release|Any CPU.Build.0 = Release|Any CPU
		{A3EEAF7A-5B95-4421-A461-BFF214E62F68}.Debug|Any CPU.ActiveCfg = Debug|Any CPU
		{A3EEAF7A-5B95-4421-A461-BFF214E62F68}.Debug|Any CPU.Build.0 = Debug|Any CPU
		{A3EEAF7A-5B95-4421-A461-BFF214E62F68}.Release|Any CPU.ActiveCfg = Release|Any CPU
		{A3EEAF7A-5B95-4421-A461-BFF214E62F68}.Release|Any CPU.Build.0 = Release|Any CPU
	EndGlobalSection
	GlobalSection(SolutionProperties) = preSolution
		HideSolutionNode = FALSE
	EndGlobalSection
	GlobalSection(ExtensibilityGlobals) = postSolution
		SolutionGuid = {034B0118-A736-45AB-B72E-8BA0EF1190DA}
	EndGlobalSection
EndGlobal
